
Microsoft Visual Studio Solution File, Format Version 12.00
# Visual Studio Version 17
VisualStudioVersion = 17.11.35312.102
MinimumVisualStudioVersion = 10.0.40219.1
Project("{FAE04EC0-301F-11D3-BF4B-00C04F79EFBC}") = "Course", "Course\Course.csproj", "{F7B799A0-DCA1-4CA1-A442-75A8E321C019}"
EndProject
Global
	GlobalSection(SolutionConfigurationPlatforms) = preSolution
		Debug|Any CPU = Debug|Any CPU
		Release|Any CPU = Release|Any CPU
	EndGlobalSection
	GlobalSection(ProjectConfigurationPlatforms) = postSolution
		{F7B799A0-DCA1-4CA1-A442-75A8E321C019}.Debug|Any CPU.ActiveCfg = Debug|Any CPU
		{F7B799A0-DCA1-4CA1-A442-75A8E321C019}.Debug|Any CPU.Build.0 = Debug|Any CPU
		{F7B799A0-DCA1-4CA1-A442-75A8E321C019}.Release|Any CPU.ActiveCfg = Release|Any CPU
		{F7B799A0-DCA1-4CA1-A442-75A8E321C019}.Release|Any CPU.Build.0 = Release|Any CPU
	EndGlobalSection
	GlobalSection(SolutionProperties) = preSolution
		HideSolutionNode = FALSE
	EndGlobalSection
	GlobalSection(ExtensibilityGlobals) = postSolution
		SolutionGuid = {D044B19B-74B1-453A-8704-C7F9A638B826}
	EndGlobalSection
EndGlobal
